// !$*UTF8*$!
{
	archiveVersion = 1;
	classes = {
	};
	objectVersion = 56;
	objects = {

/* Begin PBXBuildFile section */
		99456E4F29DB1C570042FD89 /* LocationComp.swift in Sources */ = {isa = PBXBuildFile; fileRef = 99456E4E29DB1C570042FD89 /* LocationComp.swift */; };
		99456E5A29DB5DCE0042FD89 /* RickMortySwiftApi in Frameworks */ = {isa = PBXBuildFile; productRef = 99456E5929DB5DCE0042FD89 /* RickMortySwiftApi */; };
		99456E5C29DD6D1E0042FD89 /* CharacterComp.swift in Sources */ = {isa = PBXBuildFile; fileRef = 99456E5B29DD6D1E0042FD89 /* CharacterComp.swift */; };
		99456E5F29DD8A6B0042FD89 /* ImageExt.swift in Sources */ = {isa = PBXBuildFile; fileRef = 99456E5E29DD8A6B0042FD89 /* ImageExt.swift */; };
		99A63F3729F3647B006786EF /* DetailView.swift in Sources */ = {isa = PBXBuildFile; fileRef = 99A63F3629F3647B006786EF /* DetailView.swift */; };
		99A63F3929F3649C006786EF /* DetailViewModel.swift in Sources */ = {isa = PBXBuildFile; fileRef = 99A63F3829F3649C006786EF /* DetailViewModel.swift */; };
		99DA1EBD29D6582400614F35 /* AppDelegate.swift in Sources */ = {isa = PBXBuildFile; fileRef = 99DA1EBC29D6582400614F35 /* AppDelegate.swift */; };
		99DA1EBF29D6582400614F35 /* SceneDelegate.swift in Sources */ = {isa = PBXBuildFile; fileRef = 99DA1EBE29D6582400614F35 /* SceneDelegate.swift */; };
		99DA1EC629D6582500614F35 /* Assets.xcassets in Resources */ = {isa = PBXBuildFile; fileRef = 99DA1EC529D6582500614F35 /* Assets.xcassets */; };
		99DA1ED629D7608000614F35 /* SplashView.swift in Sources */ = {isa = PBXBuildFile; fileRef = 99DA1ED529D7608000614F35 /* SplashView.swift */; };
		99DA1ED829D7609D00614F35 /* SplashViewModel.swift in Sources */ = {isa = PBXBuildFile; fileRef = 99DA1ED729D7609D00614F35 /* SplashViewModel.swift */; };
		99DA1EDB29D768A900614F35 /* AppFonts.swift in Sources */ = {isa = PBXBuildFile; fileRef = 99DA1EDA29D768A900614F35 /* AppFonts.swift */; };
		99DA1EE029D76C5B00614F35 /* HomeViewModel.swift in Sources */ = {isa = PBXBuildFile; fileRef = 99DA1EDF29D76C5B00614F35 /* HomeViewModel.swift */; };
		99DA1EE229D76C6600614F35 /* HomeView.swift in Sources */ = {isa = PBXBuildFile; fileRef = 99DA1EE129D76C6600614F35 /* HomeView.swift */; };
/* End PBXBuildFile section */

/* Begin PBXFileReference section */
		99456E4E29DB1C570042FD89 /* LocationComp.swift */ = {isa = PBXFileReference; lastKnownFileType = sourcecode.swift; path = LocationComp.swift; sourceTree = "<group>"; };
		99456E5B29DD6D1E0042FD89 /* CharacterComp.swift */ = {isa = PBXFileReference; lastKnownFileType = sourcecode.swift; path = CharacterComp.swift; sourceTree = "<group>"; };
		99456E5E29DD8A6B0042FD89 /* ImageExt.swift */ = {isa = PBXFileReference; lastKnownFileType = sourcecode.swift; path = ImageExt.swift; sourceTree = "<group>"; };
		99A63F3629F3647B006786EF /* DetailView.swift */ = {isa = PBXFileReference; lastKnownFileType = sourcecode.swift; path = DetailView.swift; sourceTree = "<group>"; };
		99A63F3829F3649C006786EF /* DetailViewModel.swift */ = {isa = PBXFileReference; lastKnownFileType = sourcecode.swift; path = DetailViewModel.swift; sourceTree = "<group>"; };
		99DA1EB929D6582400614F35 /* RickAndMortyWiki.app */ = {isa = PBXFileReference; explicitFileType = wrapper.application; includeInIndex = 0; path = RickAndMortyWiki.app; sourceTree = BUILT_PRODUCTS_DIR; };
		99DA1EBC29D6582400614F35 /* AppDelegate.swift */ = {isa = PBXFileReference; lastKnownFileType = sourcecode.swift; path = AppDelegate.swift; sourceTree = "<group>"; };
		99DA1EBE29D6582400614F35 /* SceneDelegate.swift */ = {isa = PBXFileReference; lastKnownFileType = sourcecode.swift; path = SceneDelegate.swift; sourceTree = "<group>"; };
		99DA1EC529D6582500614F35 /* Assets.xcassets */ = {isa = PBXFileReference; lastKnownFileType = folder.assetcatalog; path = Assets.xcassets; sourceTree = "<group>"; };
		99DA1ECA29D6582500614F35 /* Info.plist */ = {isa = PBXFileReference; lastKnownFileType = text.plist.xml; path = Info.plist; sourceTree = "<group>"; };
		99DA1ED529D7608000614F35 /* SplashView.swift */ = {isa = PBXFileReference; lastKnownFileType = sourcecode.swift; path = SplashView.swift; sourceTree = "<group>"; };
		99DA1ED729D7609D00614F35 /* SplashViewModel.swift */ = {isa = PBXFileReference; lastKnownFileType = sourcecode.swift; path = SplashViewModel.swift; sourceTree = "<group>"; };
		99DA1EDA29D768A900614F35 /* AppFonts.swift */ = {isa = PBXFileReference; lastKnownFileType = sourcecode.swift; path = AppFonts.swift; sourceTree = "<group>"; };
		99DA1EDF29D76C5B00614F35 /* HomeViewModel.swift */ = {isa = PBXFileReference; lastKnownFileType = sourcecode.swift; path = HomeViewModel.swift; sourceTree = "<group>"; };
		99DA1EE129D76C6600614F35 /* HomeView.swift */ = {isa = PBXFileReference; lastKnownFileType = sourcecode.swift; path = HomeView.swift; sourceTree = "<group>"; };
/* End PBXFileReference section */

/* Begin PBXFrameworksBuildPhase section */
		99DA1EB629D6582400614F35 /* Frameworks */ = {
			isa = PBXFrameworksBuildPhase;
			buildActionMask = 2147483647;
			files = (
				99456E5A29DB5DCE0042FD89 /* RickMortySwiftApi in Frameworks */,
			);
			runOnlyForDeploymentPostprocessing = 0;
		};
/* End PBXFrameworksBuildPhase section */

/* Begin PBXGroup section */
		99456E4D29DB1C2E0042FD89 /* Components */ = {
			isa = PBXGroup;
			children = (
				99456E4E29DB1C570042FD89 /* LocationComp.swift */,
				99456E5B29DD6D1E0042FD89 /* CharacterComp.swift */,
			);
			path = Components;
			sourceTree = "<group>";
		};
		99456E5D29DD8A540042FD89 /* Extensions */ = {
			isa = PBXGroup;
			children = (
				99456E5E29DD8A6B0042FD89 /* ImageExt.swift */,
			);
			path = Extensions;
			sourceTree = "<group>";
		};
		995A464929EDA280007163C2 /* CharacterDetail */ = {
			isa = PBXGroup;
			children = (
				995A464D29EDA2BF007163C2 /* View */,
				995A464A29EDA299007163C2 /* ViewModel */,
			);
			path = CharacterDetail;
			sourceTree = "<group>";
		};
		995A464A29EDA299007163C2 /* ViewModel */ = {
			isa = PBXGroup;
			children = (
				99A63F3829F3649C006786EF /* DetailViewModel.swift */,
			);
			path = ViewModel;
			sourceTree = "<group>";
		};
		995A464D29EDA2BF007163C2 /* View */ = {
			isa = PBXGroup;
			children = (
				99A63F3629F3647B006786EF /* DetailView.swift */,
			);
			path = View;
			sourceTree = "<group>";
		};
		99DA1EB029D6582400614F35 = {
			isa = PBXGroup;
			children = (
				99DA1EBB29D6582400614F35 /* RickAndMortyWiki */,
				99DA1EBA29D6582400614F35 /* Products */,
			);
			sourceTree = "<group>";
		};
		99DA1EBA29D6582400614F35 /* Products */ = {
			isa = PBXGroup;
			children = (
				99DA1EB929D6582400614F35 /* RickAndMortyWiki.app */,
			);
			name = Products;
			sourceTree = "<group>";
		};
		99DA1EBB29D6582400614F35 /* RickAndMortyWiki */ = {
			isa = PBXGroup;
			children = (
				99456E5D29DD8A540042FD89 /* Extensions */,
				99DA1EBC29D6582400614F35 /* AppDelegate.swift */,
				99DA1EBE29D6582400614F35 /* SceneDelegate.swift */,
				99DA1ED129D7600E00614F35 /* Screens */,
				99456E4D29DB1C2E0042FD89 /* Components */,
				99DA1ED929D7689700614F35 /* Utils */,
				99DA1EC529D6582500614F35 /* Assets.xcassets */,
				99DA1ECA29D6582500614F35 /* Info.plist */,
			);
			path = RickAndMortyWiki;
			sourceTree = "<group>";
		};
		99DA1ED129D7600E00614F35 /* Screens */ = {
			isa = PBXGroup;
			children = (
				995A464929EDA280007163C2 /* CharacterDetail */,
				99DA1EDC29D76BED00614F35 /* Home */,
				99DA1ED229D7603A00614F35 /* Splash */,
			);
			path = Screens;
			sourceTree = "<group>";
		};
		99DA1ED229D7603A00614F35 /* Splash */ = {
			isa = PBXGroup;
			children = (
				99DA1ED429D7606300614F35 /* ViewModel */,
				99DA1ED329D7605700614F35 /* View */,
			);
			path = Splash;
			sourceTree = "<group>";
		};
		99DA1ED329D7605700614F35 /* View */ = {
			isa = PBXGroup;
			children = (
				99DA1ED529D7608000614F35 /* SplashView.swift */,
			);
			path = View;
			sourceTree = "<group>";
		};
		99DA1ED429D7606300614F35 /* ViewModel */ = {
			isa = PBXGroup;
			children = (
				99DA1ED729D7609D00614F35 /* SplashViewModel.swift */,
			);
			path = ViewModel;
			sourceTree = "<group>";
		};
		99DA1ED929D7689700614F35 /* Utils */ = {
			isa = PBXGroup;
			children = (
				99DA1EDA29D768A900614F35 /* AppFonts.swift */,
			);
			path = Utils;
			sourceTree = "<group>";
		};
		99DA1EDC29D76BED00614F35 /* Home */ = {
			isa = PBXGroup;
			children = (
				99DA1EDE29D76C0800614F35 /* ViewModel */,
				99DA1EDD29D76BFE00614F35 /* View */,
			);
			path = Home;
			sourceTree = "<group>";
		};
		99DA1EDD29D76BFE00614F35 /* View */ = {
			isa = PBXGroup;
			children = (
				99DA1EE129D76C6600614F35 /* HomeView.swift */,
			);
			path = View;
			sourceTree = "<group>";
		};
		99DA1EDE29D76C0800614F35 /* ViewModel */ = {
			isa = PBXGroup;
			children = (
				99DA1EDF29D76C5B00614F35 /* HomeViewModel.swift */,
			);
			path = ViewModel;
			sourceTree = "<group>";
		};
/* End PBXGroup section */

/* Begin PBXNativeTarget section */
		99DA1EB829D6582400614F35 /* RickAndMortyWiki */ = {
			isa = PBXNativeTarget;
			buildConfigurationList = 99DA1ECD29D6582500614F35 /* Build configuration list for PBXNativeTarget "RickAndMortyWiki" */;
			buildPhases = (
				99DA1EB529D6582400614F35 /* Sources */,
				99DA1EB629D6582400614F35 /* Frameworks */,
				99DA1EB729D6582400614F35 /* Resources */,
			);
			buildRules = (
			);
			dependencies = (
			);
			name = RickAndMortyWiki;
			packageProductDependencies = (
				99456E5929DB5DCE0042FD89 /* RickMortySwiftApi */,
			);
			productName = RickAndMortyWiki;
			productReference = 99DA1EB929D6582400614F35 /* RickAndMortyWiki.app */;
			productType = "com.apple.product-type.application";
		};
/* End PBXNativeTarget section */

/* Begin PBXProject section */
		99DA1EB129D6582400614F35 /* Project object */ = {
			isa = PBXProject;
			attributes = {
				BuildIndependentTargetsInParallel = 1;
				LastSwiftUpdateCheck = 1420;
				LastUpgradeCheck = 1420;
				TargetAttributes = {
					99DA1EB829D6582400614F35 = {
						CreatedOnToolsVersion = 14.2;
					};
				};
			};
			buildConfigurationList = 99DA1EB429D6582400614F35 /* Build configuration list for PBXProject "RickAndMortyWiki" */;
			compatibilityVersion = "Xcode 14.0";
			developmentRegion = en;
			hasScannedForEncodings = 0;
			knownRegions = (
				en,
				Base,
			);
			mainGroup = 99DA1EB029D6582400614F35;
			packageReferences = (
				99456E5829DB5DCE0042FD89 /* XCRemoteSwiftPackageReference "Rick-and-Morty-Swift-API" */,
			);
			productRefGroup = 99DA1EBA29D6582400614F35 /* Products */;
			projectDirPath = "";
			projectRoot = "";
			targets = (
				99DA1EB829D6582400614F35 /* RickAndMortyWiki */,
			);
		};
/* End PBXProject section */

/* Begin PBXResourcesBuildPhase section */
		99DA1EB729D6582400614F35 /* Resources */ = {
			isa = PBXResourcesBuildPhase;
			buildActionMask = 2147483647;
			files = (
				99DA1EC629D6582500614F35 /* Assets.xcassets in Resources */,
			);
			runOnlyForDeploymentPostprocessing = 0;
		};
/* End PBXResourcesBuildPhase section */

/* Begin PBXSourcesBuildPhase section */
		99DA1EB529D6582400614F35 /* Sources */ = {
			isa = PBXSourcesBuildPhase;
			buildActionMask = 2147483647;
			files = (
				99A63F3929F3649C006786EF /* DetailViewModel.swift in Sources */,
				99A63F3729F3647B006786EF /* DetailView.swift in Sources */,
				99DA1EDB29D768A900614F35 /* AppFonts.swift in Sources */,
				99DA1EE229D76C6600614F35 /* HomeView.swift in Sources */,
				99DA1EE029D76C5B00614F35 /* HomeViewModel.swift in Sources */,
				99DA1ED829D7609D00614F35 /* SplashViewModel.swift in Sources */,
				99456E5C29DD6D1E0042FD89 /* CharacterComp.swift in Sources */,
				99456E4F29DB1C570042FD89 /* LocationComp.swift in Sources */,
				99DA1ED629D7608000614F35 /* SplashView.swift in Sources */,
				99DA1EBD29D6582400614F35 /* AppDelegate.swift in Sources */,
				99DA1EBF29D6582400614F35 /* SceneDelegate.swift in Sources */,
				99456E5F29DD8A6B0042FD89 /* ImageExt.swift in Sources */,
			);
			runOnlyForDeploymentPostprocessing = 0;
		};
/* End PBXSourcesBuildPhase section */

/* Begin XCBuildConfiguration section */
		99DA1ECB29D6582500614F35 /* Debug */ = {
			isa = XCBuildConfiguration;
			buildSettings = {
				ALWAYS_SEARCH_USER_PATHS = NO;
				CLANG_ANALYZER_NONNULL = YES;
				CLANG_ANALYZER_NUMBER_OBJECT_CONVERSION = YES_AGGRESSIVE;
				CLANG_CXX_LANGUAGE_STANDARD = "gnu++20";
				CLANG_ENABLE_MODULES = YES;
				CLANG_ENABLE_OBJC_ARC = YES;
				CLANG_ENABLE_OBJC_WEAK = YES;
				CLANG_WARN_BLOCK_CAPTURE_AUTORELEASING = YES;
				CLANG_WARN_BOOL_CONVERSION = YES;
				CLANG_WARN_COMMA = YES;
				CLANG_WARN_CONSTANT_CONVERSION = YES;
				CLANG_WARN_DEPRECATED_OBJC_IMPLEMENTATIONS = YES;
				CLANG_WARN_DIRECT_OBJC_ISA_USAGE = YES_ERROR;
				CLANG_WARN_DOCUMENTATION_COMMENTS = YES;
				CLANG_WARN_EMPTY_BODY = YES;
				CLANG_WARN_ENUM_CONVERSION = YES;
				CLANG_WARN_INFINITE_RECURSION = YES;
				CLANG_WARN_INT_CONVERSION = YES;
				CLANG_WARN_NON_LITERAL_NULL_CONVERSION = YES;
				CLANG_WARN_OBJC_IMPLICIT_RETAIN_SELF = YES;
				CLANG_WARN_OBJC_LITERAL_CONVERSION = YES;
				CLANG_WARN_OBJC_ROOT_CLASS = YES_ERROR;
				CLANG_WARN_QUOTED_INCLUDE_IN_FRAMEWORK_HEADER = YES;
				CLANG_WARN_RANGE_LOOP_ANALYSIS = YES;
				CLANG_WARN_STRICT_PROTOTYPES = YES;
				CLANG_WARN_SUSPICIOUS_MOVE = YES;
				CLANG_WARN_UNGUARDED_AVAILABILITY = YES_AGGRESSIVE;
				CLANG_WARN_UNREACHABLE_CODE = YES;
				CLANG_WARN__DUPLICATE_METHOD_MATCH = YES;
				COPY_PHASE_STRIP = NO;
				DEBUG_INFORMATION_FORMAT = dwarf;
				ENABLE_STRICT_OBJC_MSGSEND = YES;
				ENABLE_TESTABILITY = YES;
				GCC_C_LANGUAGE_STANDARD = gnu11;
				GCC_DYNAMIC_NO_PIC = NO;
				GCC_NO_COMMON_BLOCKS = YES;
				GCC_OPTIMIZATION_LEVEL = 0;
				GCC_PREPROCESSOR_DEFINITIONS = (
					"DEBUG=1",
					"$(inherited)",
				);
				GCC_WARN_64_TO_32_BIT_CONVERSION = YES;
				GCC_WARN_ABOUT_RETURN_TYPE = YES_ERROR;
				GCC_WARN_UNDECLARED_SELECTOR = YES;
				GCC_WARN_UNINITIALIZED_AUTOS = YES_AGGRESSIVE;
				GCC_WARN_UNUSED_FUNCTION = YES;
				GCC_WARN_UNUSED_VARIABLE = YES;
				IPHONEOS_DEPLOYMENT_TARGET = 16.2;
				MTL_ENABLE_DEBUG_INFO = INCLUDE_SOURCE;
				MTL_FAST_MATH = YES;
				ONLY_ACTIVE_ARCH = YES;
				SDKROOT = iphoneos;
				SWIFT_ACTIVE_COMPILATION_CONDITIONS = DEBUG;
				SWIFT_OPTIMIZATION_LEVEL = "-Onone";
			};
			name = Debug;
		};
		99DA1ECC29D6582500614F35 /* Release */ = {
			isa = XCBuildConfiguration;
			buildSettings = {
				ALWAYS_SEARCH_USER_PATHS = NO;
				CLANG_ANALYZER_NONNULL = YES;
				CLANG_ANALYZER_NUMBER_OBJECT_CONVERSION = YES_AGGRESSIVE;
				CLANG_CXX_LANGUAGE_STANDARD = "gnu++20";
				CLANG_ENABLE_MODULES = YES;
				CLANG_ENABLE_OBJC_ARC = YES;
				CLANG_ENABLE_OBJC_WEAK = YES;
				CLANG_WARN_BLOCK_CAPTURE_AUTORELEASING = YES;
				CLANG_WARN_BOOL_CONVERSION = YES;
				CLANG_WARN_COMMA = YES;
				CLANG_WARN_CONSTANT_CONVERSION = YES;
				CLANG_WARN_DEPRECATED_OBJC_IMPLEMENTATIONS = YES;
				CLANG_WARN_DIRECT_OBJC_ISA_USAGE = YES_ERROR;
				CLANG_WARN_DOCUMENTATION_COMMENTS = YES;
				CLANG_WARN_EMPTY_BODY = YES;
				CLANG_WARN_ENUM_CONVERSION = YES;
				CLANG_WARN_INFINITE_RECURSION = YES;
				CLANG_WARN_INT_CONVERSION = YES;
				CLANG_WARN_NON_LITERAL_NULL_CONVERSION = YES;
				CLANG_WARN_OBJC_IMPLICIT_RETAIN_SELF = YES;
				CLANG_WARN_OBJC_LITERAL_CONVERSION = YES;
				CLANG_WARN_OBJC_ROOT_CLASS = YES_ERROR;
				CLANG_WARN_QUOTED_INCLUDE_IN_FRAMEWORK_HEADER = YES;
				CLANG_WARN_RANGE_LOOP_ANALYSIS = YES;
				CLANG_WARN_STRICT_PROTOTYPES = YES;
				CLANG_WARN_SUSPICIOUS_MOVE = YES;
				CLANG_WARN_UNGUARDED_AVAILABILITY = YES_AGGRESSIVE;
				CLANG_WARN_UNREACHABLE_CODE = YES;
				CLANG_WARN__DUPLICATE_METHOD_MATCH = YES;
				COPY_PHASE_STRIP = NO;
				DEBUG_INFORMATION_FORMAT = "dwarf-with-dsym";
				ENABLE_NS_ASSERTIONS = NO;
				ENABLE_STRICT_OBJC_MSGSEND = YES;
				GCC_C_LANGUAGE_STANDARD = gnu11;
				GCC_NO_COMMON_BLOCKS = YES;
				GCC_WARN_64_TO_32_BIT_CONVERSION = YES;
				GCC_WARN_ABOUT_RETURN_TYPE = YES_ERROR;
				GCC_WARN_UNDECLARED_SELECTOR = YES;
				GCC_WARN_UNINITIALIZED_AUTOS = YES_AGGRESSIVE;
				GCC_WARN_UNUSED_FUNCTION = YES;
				GCC_WARN_UNUSED_VARIABLE = YES;
				IPHONEOS_DEPLOYMENT_TARGET = 16.2;
				MTL_ENABLE_DEBUG_INFO = NO;
				MTL_FAST_MATH = YES;
				SDKROOT = iphoneos;
				SWIFT_COMPILATION_MODE = wholemodule;
				SWIFT_OPTIMIZATION_LEVEL = "-O";
				VALIDATE_PRODUCT = YES;
			};
			name = Release;
		};
		99DA1ECE29D6582500614F35 /* Debug */ = {
			isa = XCBuildConfiguration;
			buildSettings = {
				ASSETCATALOG_COMPILER_APPICON_NAME = AppIcon;
				ASSETCATALOG_COMPILER_GLOBAL_ACCENT_COLOR_NAME = AccentColor;
				CODE_SIGN_STYLE = Automatic;
				CURRENT_PROJECT_VERSION = 1;
				GENERATE_INFOPLIST_FILE = YES;
				INFOPLIST_FILE = RickAndMortyWiki/Info.plist;
				INFOPLIST_KEY_UIApplicationSupportsIndirectInputEvents = YES;
				INFOPLIST_KEY_UILaunchStoryboardName = LaunchScreen;
				INFOPLIST_KEY_UISupportedInterfaceOrientations = "UIInterfaceOrientationLandscapeLeft UIInterfaceOrientationLandscapeRight UIInterfaceOrientationPortrait";
				INFOPLIST_KEY_UISupportedInterfaceOrientations_iPad = "UIInterfaceOrientationLandscapeLeft UIInterfaceOrientationLandscapeRight UIInterfaceOrientationPortrait UIInterfaceOrientationPortraitUpsideDown";
				LD_RUNPATH_SEARCH_PATHS = (
					"$(inherited)",
					"@executable_path/Frameworks",
				);
				MARKETING_VERSION = 1.0;
				PRODUCT_BUNDLE_IDENTIFIER = com.yushy.RickAndMortyWiki;
				PRODUCT_NAME = "$(TARGET_NAME)";
				SWIFT_EMIT_LOC_STRINGS = YES;
				SWIFT_VERSION = 5.0;
				TARGETED_DEVICE_FAMILY = "1,2";
			};
			name = Debug;
		};
		99DA1ECF29D6582500614F35 /* Release */ = {
			isa = XCBuildConfiguration;
			buildSettings = {
				ASSETCATALOG_COMPILER_APPICON_NAME = AppIcon;
				ASSETCATALOG_COMPILER_GLOBAL_ACCENT_COLOR_NAME = AccentColor;
				CODE_SIGN_STYLE = Automatic;
				CURRENT_PROJECT_VERSION = 1;
				GENERATE_INFOPLIST_FILE = YES;
				INFOPLIST_FILE = RickAndMortyWiki/Info.plist;
				INFOPLIST_KEY_UIApplicationSupportsIndirectInputEvents = YES;
				INFOPLIST_KEY_UILaunchStoryboardName = LaunchScreen;
				INFOPLIST_KEY_UISupportedInterfaceOrientations = "UIInterfaceOrientationLandscapeLeft UIInterfaceOrientationLandscapeRight UIInterfaceOrientationPortrait";
				INFOPLIST_KEY_UISupportedInterfaceOrientations_iPad = "UIInterfaceOrientationLandscapeLeft UIInterfaceOrientationLandscapeRight UIInterfaceOrientationPortrait UIInterfaceOrientationPortraitUpsideDown";
				LD_RUNPATH_SEARCH_PATHS = (
					"$(inherited)",
					"@executable_path/Frameworks",
				);
				MARKETING_VERSION = 1.0;
				PRODUCT_BUNDLE_IDENTIFIER = com.yushy.RickAndMortyWiki;
				PRODUCT_NAME = "$(TARGET_NAME)";
				SWIFT_EMIT_LOC_STRINGS = YES;
				SWIFT_VERSION = 5.0;
				TARGETED_DEVICE_FAMILY = "1,2";
			};
			name = Release;
		};
/* End XCBuildConfiguration section */

/* Begin XCConfigurationList section */
		99DA1EB429D6582400614F35 /* Build configuration list for PBXProject "RickAndMortyWiki" */ = {
			isa = XCConfigurationList;
			buildConfigurations = (
				99DA1ECB29D6582500614F35 /* Debug */,
				99DA1ECC29D6582500614F35 /* Release */,
			);
			defaultConfigurationIsVisible = 0;
			defaultConfigurationName = Release;
		};
		99DA1ECD29D6582500614F35 /* Build configuration list for PBXNativeTarget "RickAndMortyWiki" */ = {
			isa = XCConfigurationList;
			buildConfigurations = (
				99DA1ECE29D6582500614F35 /* Debug */,
				99DA1ECF29D6582500614F35 /* Release */,
			);
			defaultConfigurationIsVisible = 0;
			defaultConfigurationName = Release;
		};
/* End XCConfigurationList section */

/* Begin XCRemoteSwiftPackageReference section */
		99456E5829DB5DCE0042FD89 /* XCRemoteSwiftPackageReference "Rick-and-Morty-Swift-API" */ = {
			isa = XCRemoteSwiftPackageReference;
			repositoryURL = "https://github.com/benjaminbruch/Rick-and-Morty-Swift-API#usage";
			requirement = {
				branch = main;
				kind = branch;
			};
		};
/* End XCRemoteSwiftPackageReference section */

/* Begin XCSwiftPackageProductDependency section */
		99456E5929DB5DCE0042FD89 /* RickMortySwiftApi */ = {
			isa = XCSwiftPackageProductDependency;
			package = 99456E5829DB5DCE0042FD89 /* XCRemoteSwiftPackageReference "Rick-and-Morty-Swift-API" */;
			productName = RickMortySwiftApi;
		};
/* End XCSwiftPackageProductDependency section */
	};
	rootObject = 99DA1EB129D6582400614F35 /* Project object */;
}
